SITE
  remote: http://community.opscode.com/api/v1
  specs:
    apt (2.3.8)
    ark (0.6.0)
    build-essential (1.4.4)
    elasticsearch (0.3.7)
      ark (>= 0.0.0)
    java (1.20.0)
    openssl (1.1.0)
    postgresql (3.3.4)
      apt (>= 0.0.0)
      build-essential (>= 0.0.0)
      openssl (>= 0.0.0)
    sysctl (0.3.5)

GIT
  remote: https://github.com/ctrabold/chef-redis.git
  ref: master
  sha: e3a89f34d0f5b81867ae9e07a9404ac89e1ff61c
  specs:
    redis (0.0.4)

DEPENDENCIES
  apt (>= 0)
  elasticsearch (>= 0)
  java (>= 0)
  postgresql (>= 0)
  redis (>= 0)
  sysctl (>= 0)

